
Microsoft Visual Studio Solution File, Format Version 12.00
# Visual Studio Version 17
VisualStudioVersion = 17.13.35825.156 d17.13
MinimumVisualStudioVersion = 10.0.40219.1
Project("{FAE04EC0-301F-11D3-BF4B-00C04F79EFBC}") = "FitnessAPI", "FitnessAPI\FitnessAPI.csproj", "{B01D9BA9-A52C-4540-AEBB-2567E4E1F38F}"
EndProject
Global
	GlobalSection(SolutionConfigurationPlatforms) = preSolution
		Debug|Any CPU = Debug|Any CPU
		Release|Any CPU = Release|Any CPU
	EndGlobalSection
	GlobalSection(ProjectConfigurationPlatforms) = postSolution
		{B01D9BA9-A52C-4540-AEBB-2567E4E1F38F}.Debug|Any CPU.ActiveCfg = Debug|Any CPU
		{B01D9BA9-A52C-4540-AEBB-2567E4E1F38F}.Debug|Any CPU.Build.0 = Debug|Any CPU
		{B01D9BA9-A52C-4540-AEBB-2567E4E1F38F}.Release|Any CPU.ActiveCfg = Release|Any CPU
		{B01D9BA9-A52C-4540-AEBB-2567E4E1F38F}.Release|Any CPU.Build.0 = Release|Any CPU
	EndGlobalSection
	GlobalSection(SolutionProperties) = preSolution
		HideSolutionNode = FALSE
	EndGlobalSection
	GlobalSection(ExtensibilityGlobals) = postSolution
		SolutionGuid = {3F6E244B-ED78-458C-A28E-AEA6BF24458A}
	EndGlobalSection
EndGlobal
